
Microsoft Visual Studio Solution File, Format Version 12.00
# Visual Studio Version 16
VisualStudioVersion = 16.0.31605.320
MinimumVisualStudioVersion = 10.0.40219.1
Project("{9A19103F-16F7-4668-BE54-9A1E7A4F7556}") = "BookStore.Presentation", "BookStore\BookStore.Presentation.csproj", "{B398597D-8B8D-4798-BBEA-861F845FDCB9}"
EndProject
Project("{9A19103F-16F7-4668-BE54-9A1E7A4F7556}") = "BookStore.BL", "BookStore.BL\BookStore.BL.csproj", "{6C23FA18-3A49-437F-92FF-BED442278657}"
EndProject
Project("{9A19103F-16F7-4668-BE54-9A1E7A4F7556}") = "BookStore.DAL", "BookStore.DAL\BookStore.DAL.csproj", "{689D9342-A7D2-4D89-BFC5-E643DCBCE619}"
EndProject
Global
	GlobalSection(SolutionConfigurationPlatforms) = preSolution
		Debug|Any CPU = Debug|Any CPU
		Release|Any CPU = Release|Any CPU
	EndGlobalSection
	GlobalSection(ProjectConfigurationPlatforms) = postSolution
		{B398597D-8B8D-4798-BBEA-861F845FDCB9}.Debug|Any CPU.ActiveCfg = Debug|Any CPU
		{B398597D-8B8D-4798-BBEA-861F845FDCB9}.Debug|Any CPU.Build.0 = Debug|Any CPU
		{B398597D-8B8D-4798-BBEA-861F845FDCB9}.Release|Any CPU.ActiveCfg = Release|Any CPU
		{B398597D-8B8D-4798-BBEA-861F845FDCB9}.Release|Any CPU.Build.0 = Release|Any CPU
		{6C23FA18-3A49-437F-92FF-BED442278657}.Debug|Any CPU.ActiveCfg = Debug|Any CPU
		{6C23FA18-3A49-437F-92FF-BED442278657}.Debug|Any CPU.Build.0 = Debug|Any CPU
		{6C23FA18-3A49-437F-92FF-BED442278657}.Release|Any CPU.ActiveCfg = Release|Any CPU
		{6C23FA18-3A49-437F-92FF-BED442278657}.Release|Any CPU.Build.0 = Release|Any CPU
		{689D9342-A7D2-4D89-BFC5-E643DCBCE619}.Debug|Any CPU.ActiveCfg = Debug|Any CPU
		{689D9342-A7D2-4D89-BFC5-E643DCBCE619}.Debug|Any CPU.Build.0 = Debug|Any CPU
		{689D9342-A7D2-4D89-BFC5-E643DCBCE619}.Release|Any CPU.ActiveCfg = Release|Any CPU
		{689D9342-A7D2-4D89-BFC5-E643DCBCE619}.Release|Any CPU.Build.0 = Release|Any CPU
	EndGlobalSection
	GlobalSection(SolutionProperties) = preSolution
		HideSolutionNode = FALSE
	EndGlobalSection
	GlobalSection(ExtensibilityGlobals) = postSolution
		SolutionGuid = {795F2F57-2DFD-4C85-BA33-190AE6980B8B}
	EndGlobalSection
EndGlobal
